
Microsoft Visual Studio Solution File, Format Version 12.00
Project("{FAE04EC0-301F-11D3-BF4B-00C04F79EFBC}") = "Evolve_Solution", "Evolve_Solution\Evolve_Solution.csproj", "{D3A96A65-529D-4AEA-ACE3-C139DE3D4A17}"
EndProject
Global
	GlobalSection(SolutionConfigurationPlatforms) = preSolution
		Debug|Any CPU = Debug|Any CPU
		Release|Any CPU = Release|Any CPU
	EndGlobalSection
	GlobalSection(ProjectConfigurationPlatforms) = postSolution
		{D3A96A65-529D-4AEA-ACE3-C139DE3D4A17}.Debug|Any CPU.ActiveCfg = Debug|Any CPU
		{D3A96A65-529D-4AEA-ACE3-C139DE3D4A17}.Debug|Any CPU.Build.0 = Debug|Any CPU
		{D3A96A65-529D-4AEA-ACE3-C139DE3D4A17}.Release|Any CPU.ActiveCfg = Release|Any CPU
		{D3A96A65-529D-4AEA-ACE3-C139DE3D4A17}.Release|Any CPU.Build.0 = Release|Any CPU
	EndGlobalSection
EndGlobal
